
Microsoft Visual Studio Solution File, Format Version 12.00
# Visual Studio Version 16
VisualStudioVersion = 25.0.1703.1
MinimumVisualStudioVersion = 10.0.40219.1
Project("{FAE04EC0-301F-11D3-BF4B-00C04F79EFBC}") = "HubDevice", "HubDevice\HubDevice.csproj", "{706B8C79-E995-4160-8720-AF38C37B875C}"
EndProject
Global
	GlobalSection(SolutionConfigurationPlatforms) = preSolution
		Debug|Any CPU = Debug|Any CPU
		Release|Any CPU = Release|Any CPU
	EndGlobalSection
	GlobalSection(ProjectConfigurationPlatforms) = postSolution
		{706B8C79-E995-4160-8720-AF38C37B875C}.Debug|Any CPU.ActiveCfg = Debug|Any CPU
		{706B8C79-E995-4160-8720-AF38C37B875C}.Debug|Any CPU.Build.0 = Debug|Any CPU
		{706B8C79-E995-4160-8720-AF38C37B875C}.Release|Any CPU.ActiveCfg = Release|Any CPU
		{706B8C79-E995-4160-8720-AF38C37B875C}.Release|Any CPU.Build.0 = Release|Any CPU
	EndGlobalSection
	GlobalSection(SolutionProperties) = preSolution
		HideSolutionNode = FALSE
	EndGlobalSection
	GlobalSection(ExtensibilityGlobals) = postSolution
		SolutionGuid = {E6E474E1-BD35-4316-AB00-53C6667475F8}
	EndGlobalSection
EndGlobal
